{
  "name": "medical",
  "lockfileVersion": 2,
  "requires": true,
  "packages": {
    "": {
      "dependencies": {
        "goeasy": "^2.6.4",
        "ooomap-simulate-navi": "^1.0.226"
      }
    },
    "node_modules/goeasy": {
      "version": "2.6.4",
      "resolved": "https://registry.npmmirror.com/goeasy/-/goeasy-2.6.4.tgz",
      "integrity": "sha512-JNXLv23RZUEwp5JM0glw4JLCX4tEgBopnMDJpQhq1hSiHqublpmlUNW/m1hMJjIleoBlmQ0FzcZEX66o0PDLhg=="
    },
    "node_modules/ooomap-simulate-navi": {
      "version": "1.0.226",
      "resolved": "https://registry.npmmirror.com/ooomap-simulate-navi/-/ooomap-simulate-navi-1.0.226.tgz",
      "integrity": "sha512-2TpFxbnQK7s55yuqSP0OPEi5HGTyQc0Qgm45tw+Fb0rDqfJb7rKZlaBHVlC2vsHd6vmXu2xmae3Wxj80qgw/RQ=="
    }
  },
  "dependencies": {
    "goeasy": {
      "version": "2.6.4",
      "resolved": "https://registry.npmmirror.com/goeasy/-/goeasy-2.6.4.tgz",
      "integrity": "sha512-JNXLv23RZUEwp5JM0glw4JLCX4tEgBopnMDJpQhq1hSiHqublpmlUNW/m1hMJjIleoBlmQ0FzcZEX66o0PDLhg=="
    },
    "ooomap-simulate-navi": {
      "version": "1.0.226",
      "resolved": "https://registry.npmmirror.com/ooomap-simulate-navi/-/ooomap-simulate-navi-1.0.226.tgz",
      "integrity": "sha512-2TpFxbnQK7s55yuqSP0OPEi5HGTyQc0Qgm45tw+Fb0rDqfJb7rKZlaBHVlC2vsHd6vmXu2xmae3Wxj80qgw/RQ=="
    }
  }
}
